
Microsoft Visual Studio Solution File, Format Version 12.00
# Visual Studio Version 17
VisualStudioVersion = 17.3.32929.385
MinimumVisualStudioVersion = 10.0.40219.1
Project("{9A19103F-16F7-4668-BE54-9A1E7A4F7556}") = "ConsoleLauncher", "ConsoleLauncher\ConsoleLauncher.csproj", "{6721073D-C489-4462-9AC2-BADE9D4D426A}"
EndProject
Project("{9A19103F-16F7-4668-BE54-9A1E7A4F7556}") = "DataCaptureService", "DataCaptureService\DataCaptureService.csproj", "{A788EE20-79BE-4F07-91AD-7C67905C85A7}"
EndProject
Project("{9A19103F-16F7-4668-BE54-9A1E7A4F7556}") = "MainProcessing", "MainProcessing\MainProcessing.csproj", "{0A770523-C9CF-440C-AFA6-32B6B5619250}"
EndProject
Project("{9A19103F-16F7-4668-BE54-9A1E7A4F7556}") = "CommonModels", "CommonModels\CommonModels.csproj", "{D5661467-E12B-4EE9-B438-04745DFF562D}"
EndProject
Project("{2150E333-8FDC-42A3-9474-1A3956D46DE8}") = "Solution Items", "Solution Items", "{ED4B0BC0-B948-40C5-A788-346245951CDD}"
	ProjectSection(SolutionItems) = preProject
		RebbitMQ.Launch\docker-compose.yaml = RebbitMQ.Launch\docker-compose.yaml
		RebbitMQ.Launch\start-in-docker.bat = RebbitMQ.Launch\start-in-docker.bat
	EndProjectSection
EndProject
Global
	GlobalSection(SolutionConfigurationPlatforms) = preSolution
		Debug|Any CPU = Debug|Any CPU
		Release|Any CPU = Release|Any CPU
	EndGlobalSection
	GlobalSection(ProjectConfigurationPlatforms) = postSolution
		{6721073D-C489-4462-9AC2-BADE9D4D426A}.Debug|Any CPU.ActiveCfg = Debug|Any CPU
		{6721073D-C489-4462-9AC2-BADE9D4D426A}.Debug|Any CPU.Build.0 = Debug|Any CPU
		{6721073D-C489-4462-9AC2-BADE9D4D426A}.Release|Any CPU.ActiveCfg = Release|Any CPU
		{6721073D-C489-4462-9AC2-BADE9D4D426A}.Release|Any CPU.Build.0 = Release|Any CPU
		{A788EE20-79BE-4F07-91AD-7C67905C85A7}.Debug|Any CPU.ActiveCfg = Debug|Any CPU
		{A788EE20-79BE-4F07-91AD-7C67905C85A7}.Debug|Any CPU.Build.0 = Debug|Any CPU
		{A788EE20-79BE-4F07-91AD-7C67905C85A7}.Release|Any CPU.ActiveCfg = Release|Any CPU
		{A788EE20-79BE-4F07-91AD-7C67905C85A7}.Release|Any CPU.Build.0 = Release|Any CPU
		{0A770523-C9CF-440C-AFA6-32B6B5619250}.Debug|Any CPU.ActiveCfg = Debug|Any CPU
		{0A770523-C9CF-440C-AFA6-32B6B5619250}.Debug|Any CPU.Build.0 = Debug|Any CPU
		{0A770523-C9CF-440C-AFA6-32B6B5619250}.Release|Any CPU.ActiveCfg = Release|Any CPU
		{0A770523-C9CF-440C-AFA6-32B6B5619250}.Release|Any CPU.Build.0 = Release|Any CPU
		{D5661467-E12B-4EE9-B438-04745DFF562D}.Debug|Any CPU.ActiveCfg = Debug|Any CPU
		{D5661467-E12B-4EE9-B438-04745DFF562D}.Debug|Any CPU.Build.0 = Debug|Any CPU
		{D5661467-E12B-4EE9-B438-04745DFF562D}.Release|Any CPU.ActiveCfg = Release|Any CPU
		{D5661467-E12B-4EE9-B438-04745DFF562D}.Release|Any CPU.Build.0 = Release|Any CPU
	EndGlobalSection
	GlobalSection(SolutionProperties) = preSolution
		HideSolutionNode = FALSE
	EndGlobalSection
	GlobalSection(ExtensibilityGlobals) = postSolution
		SolutionGuid = {262A396E-8D18-4E07-A878-679E5533260E}
	EndGlobalSection
EndGlobal
